PODS:
  - Flutter (1.0.0)
  - TensorFlowLite (1.13.1)
  - tflite (1.0.4):
    - Flutter
    - TensorFlowLite

DEPENDENCIES:
  - Flutter (from `.symlinks/flutter/ios`)
  - tflite (from `.symlinks/plugins/tflite/ios`)

SPEC REPOS:
  trunk:
    - TensorFlowLite

EXTERNAL SOURCES:
  Flutter:
    :path: ".symlinks/flutter/ios"
  tflite:
    :path: ".symlinks/plugins/tflite/ios"

SPEC CHECKSUMS:
  Flutter: 0e3d915762c693b495b44d77113d4970485de6ec
  TensorFlowLite: 8b9dc4eb32eac0f8cb660c66bca7604da56dcc5a
  tflite: a6911f4ac99be9c73c1dcffb1a5d54b3c56087a8

PODFILE CHECKSUM: 10ae9c18d12c9ffc2275c9a159a3b1e281990db0

COCOAPODS: 1.8.1
